
Microsoft Visual Studio Solution File, Format Version 12.00
# Visual Studio 15
VisualStudioVersion = 15.0.27703.2000
MinimumVisualStudioVersion = 10.0.40219.1
Project("{FAE04EC0-301F-11D3-BF4B-00C04F79EFBC}") = "SavyTime", "SavyTime\SavyTime.csproj", "{AEA7FE96-882B-4676-B663-29AEBBB12AD7}"
EndProject
Global
	GlobalSection(SolutionConfigurationPlatforms) = preSolution
		Debug|Any CPU = Debug|Any CPU
		Release|Any CPU = Release|Any CPU
	EndGlobalSection
	GlobalSection(ProjectConfigurationPlatforms) = postSolution
		{AEA7FE96-882B-4676-B663-29AEBBB12AD7}.Debug|Any CPU.ActiveCfg = Debug|Any CPU
		{AEA7FE96-882B-4676-B663-29AEBBB12AD7}.Debug|Any CPU.Build.0 = Debug|Any CPU
		{AEA7FE96-882B-4676-B663-29AEBBB12AD7}.Release|Any CPU.ActiveCfg = Release|Any CPU
		{AEA7FE96-882B-4676-B663-29AEBBB12AD7}.Release|Any CPU.Build.0 = Release|Any CPU
	EndGlobalSection
	GlobalSection(SolutionProperties) = preSolution
		HideSolutionNode = FALSE
	EndGlobalSection
	GlobalSection(ExtensibilityGlobals) = postSolution
		SolutionGuid = {744195F7-6DA7-4BD4-AC28-5DAA4E7AC8B6}
	EndGlobalSection
EndGlobal
